{
  "name": "jodel-api",
  "version": "2.1.4",
  "lockfileVersion": 1,
  "requires": true,
  "dependencies": {
    "@types/humps": {
      "version": "1.1.2",
      "resolved": "https://registry.npmjs.org/@types/humps/-/humps-1.1.2.tgz",
      "integrity": "sha1-+8r1ltIP8u14+PURxdapQ7URAdY="
    },
    "@types/node": {
      "version": "12.0.4",
      "resolved": "https://registry.npmjs.org/@types/node/-/node-12.0.4.tgz",
      "integrity": "sha512-j8YL2C0fXq7IONwl/Ud5Kt0PeXw22zGERt+HSSnwbKOJVsAGkEz3sFCYwaF9IOuoG1HOtE0vKCj6sXF7Q0+Vaw=="
    },
    "@types/node-fetch": {
      "version": "2.3.4",
      "resolved": "https://registry.npmjs.org/@types/node-fetch/-/node-fetch-2.3.4.tgz",
      "integrity": "sha512-ZwGXz5osL88SF+jlbbz0WJlINlOZHoSWPrLytQRWRdB6j/KVLup1OoqIxnjO6q9ToqEEP3MZFzJCotgge+IiRw==",
      "requires": {
        "@types/node": "*"
      }
    },
    "humps": {
      "version": "2.0.1",
      "resolved": "https://registry.npmjs.org/humps/-/humps-2.0.1.tgz",
      "integrity": "sha1-3QLqYIG9BWjcXQcxhEY5V7qe+ao="
    },
    "node-fetch": {
      "version": "2.6.0",
      "resolved": "https://registry.npmjs.org/node-fetch/-/node-fetch-2.6.0.tgz",
      "integrity": "sha512-8dG4H5ujfvFiqDmVu9fQ5bOHUC15JMjMY/Zumv26oOvvVJjM67KF8koCWIabKQ1GJIa9r2mMZscBq/TbdOcmNA=="
    },
    "typescript": {
      "version": "3.5.1",
      "resolved": "https://registry.npmjs.org/typescript/-/typescript-3.5.1.tgz",
      "integrity": "sha512-64HkdiRv1yYZsSe4xC1WVgamNigVYjlssIoaH2HcZF0+ijsk5YK2g0G34w9wJkze8+5ow4STd22AynfO6ZYYLw==",
      "dev": true
    }
  }
}
